
Microsoft Visual Studio Solution File, Format Version 12.00
# Visual Studio Version 17
VisualStudioVersion = 17.5.33627.172
MinimumVisualStudioVersion = 10.0.40219.1
Project("{9A19103F-16F7-4668-BE54-9A1E7A4F7556}") = "ScrumPoker.Server", "ScrumPoker\Server\ScrumPoker.Server.csproj", "{5A6EA984-8A19-4F89-854F-790198E7F46E}"
EndProject
Project("{9A19103F-16F7-4668-BE54-9A1E7A4F7556}") = "ScrumPoker.Client", "ScrumPoker\Client\ScrumPoker.Client.csproj", "{4245F7EF-8048-4FDA-809F-5DAF1B2DE902}"
EndProject
Project("{9A19103F-16F7-4668-BE54-9A1E7A4F7556}") = "ScrumPoker.Shared", "ScrumPoker\Shared\ScrumPoker.Shared.csproj", "{DA5BB23B-5C43-48F2-876C-7ED48BBBB3A1}"
EndProject
Global
	GlobalSection(SolutionConfigurationPlatforms) = preSolution
		Debug|Any CPU = Debug|Any CPU
		Release|Any CPU = Release|Any CPU
	EndGlobalSection
	GlobalSection(ProjectConfigurationPlatforms) = postSolution
		{5A6EA984-8A19-4F89-854F-790198E7F46E}.Debug|Any CPU.ActiveCfg = Debug|Any CPU
		{5A6EA984-8A19-4F89-854F-790198E7F46E}.Debug|Any CPU.Build.0 = Debug|Any CPU
		{5A6EA984-8A19-4F89-854F-790198E7F46E}.Release|Any CPU.ActiveCfg = Release|Any CPU
		{5A6EA984-8A19-4F89-854F-790198E7F46E}.Release|Any CPU.Build.0 = Release|Any CPU
		{4245F7EF-8048-4FDA-809F-5DAF1B2DE902}.Debug|Any CPU.ActiveCfg = Debug|Any CPU
		{4245F7EF-8048-4FDA-809F-5DAF1B2DE902}.Debug|Any CPU.Build.0 = Debug|Any CPU
		{4245F7EF-8048-4FDA-809F-5DAF1B2DE902}.Release|Any CPU.ActiveCfg = Release|Any CPU
		{4245F7EF-8048-4FDA-809F-5DAF1B2DE902}.Release|Any CPU.Build.0 = Release|Any CPU
		{DA5BB23B-5C43-48F2-876C-7ED48BBBB3A1}.Debug|Any CPU.ActiveCfg = Debug|Any CPU
		{DA5BB23B-5C43-48F2-876C-7ED48BBBB3A1}.Debug|Any CPU.Build.0 = Debug|Any CPU
		{DA5BB23B-5C43-48F2-876C-7ED48BBBB3A1}.Release|Any CPU.ActiveCfg = Release|Any CPU
		{DA5BB23B-5C43-48F2-876C-7ED48BBBB3A1}.Release|Any CPU.Build.0 = Release|Any CPU
	EndGlobalSection
	GlobalSection(SolutionProperties) = preSolution
		HideSolutionNode = FALSE
	EndGlobalSection
	GlobalSection(ExtensibilityGlobals) = postSolution
		SolutionGuid = {1C99BD6B-0C35-46E9-9352-DCEBB01DA7DD}
	EndGlobalSection
EndGlobal
